
Microsoft Visual Studio Solution File, Format Version 12.00
# Visual Studio 15
VisualStudioVersion = 15.0.28307.168
MinimumVisualStudioVersion = 10.0.40219.1
Project("{8BC9CEB8-8B4A-11D0-8D11-00A0C91BC942}") = "LineAABBDynamic2D", "LineAABBDynamic2D.vcxproj", "{8B37BA8E-BF94-4B4E-AE88-BE96C40EA913}"
EndProject
Global
	GlobalSection(SolutionConfigurationPlatforms) = preSolution
		Debug|x86 = Debug|x86
		Release|x86 = Release|x86
	EndGlobalSection
	GlobalSection(ProjectConfigurationPlatforms) = postSolution
		{8B37BA8E-BF94-4B4E-AE88-BE96C40EA913}.Debug|x64.ActiveCfg = Debug|x64
		{8B37BA8E-BF94-4B4E-AE88-BE96C40EA913}.Debug|x64.Build.0 = Debug|x64
		{8B37BA8E-BF94-4B4E-AE88-BE96C40EA913}.Debug|x86.ActiveCfg = Debug|Win32
		{8B37BA8E-BF94-4B4E-AE88-BE96C40EA913}.Debug|x86.Build.0 = Debug|Win32
		{8B37BA8E-BF94-4B4E-AE88-BE96C40EA913}.Release|x64.ActiveCfg = Release|x64
		{8B37BA8E-BF94-4B4E-AE88-BE96C40EA913}.Release|x64.Build.0 = Release|x64
		{8B37BA8E-BF94-4B4E-AE88-BE96C40EA913}.Release|x86.ActiveCfg = Release|Win32
		{8B37BA8E-BF94-4B4E-AE88-BE96C40EA913}.Release|x86.Build.0 = Release|Win32
	EndGlobalSection
	GlobalSection(SolutionProperties) = preSolution
		HideSolutionNode = FALSE
	EndGlobalSection
	GlobalSection(ExtensibilityGlobals) = postSolution
		SolutionGuid = {53B69F68-1858-4B3E-9904-228D15CC9535}
	EndGlobalSection
EndGlobal
